
Microsoft Visual Studio Solution File, Format Version 12.00
# Visual Studio Version 16
VisualStudioVersion = 16.0.31205.134
MinimumVisualStudioVersion = 10.0.40219.1
Project("{FAE04EC0-301F-11D3-BF4B-00C04F79EFBC}") = "MPSVJson", "MPSVJson.csproj", "{18AFBFCC-66F6-458C-8141-1D04EBE5A052}"
EndProject
Global
	GlobalSection(SolutionConfigurationPlatforms) = preSolution
		Debug|Any CPU = Debug|Any CPU
		Release|Any CPU = Release|Any CPU
	EndGlobalSection
	GlobalSection(ProjectConfigurationPlatforms) = postSolution
		{18AFBFCC-66F6-458C-8141-1D04EBE5A052}.Debug|Any CPU.ActiveCfg = Debug|Any CPU
		{18AFBFCC-66F6-458C-8141-1D04EBE5A052}.Debug|Any CPU.Build.0 = Debug|Any CPU
		{18AFBFCC-66F6-458C-8141-1D04EBE5A052}.Release|Any CPU.ActiveCfg = Release|Any CPU
		{18AFBFCC-66F6-458C-8141-1D04EBE5A052}.Release|Any CPU.Build.0 = Release|Any CPU
	EndGlobalSection
	GlobalSection(SolutionProperties) = preSolution
		HideSolutionNode = FALSE
	EndGlobalSection
	GlobalSection(ExtensibilityGlobals) = postSolution
		SolutionGuid = {75BE10F5-0F95-4086-815F-A79D0D1BEEA3}
	EndGlobalSection
EndGlobal
